// !$*UTF8*$!
{
	archiveVersion = 1;
	classes = {
	};
	objectVersion = 55;
	objects = {

/* Begin PBXBuildFile section */
		064CA8AF284D89E40038A876 /* BrandModel.swift in Sources */ = {isa = PBXBuildFile; fileRef = 064CA8AE284D89E40038A876 /* BrandModel.swift */; };
		064CA8B1284D8A980038A876 /* BrandItemView.swift in Sources */ = {isa = PBXBuildFile; fileRef = 064CA8B0284D8A980038A876 /* BrandItemView.swift */; };
		064CA8B3284D8B6F0038A876 /* BrandGridView.swift in Sources */ = {isa = PBXBuildFile; fileRef = 064CA8B2284D8B6F0038A876 /* BrandGridView.swift */; };
		067346D6284CFD46001FAC8C /* TouchdownApp.swift in Sources */ = {isa = PBXBuildFile; fileRef = 067346D5284CFD46001FAC8C /* TouchdownApp.swift */; };
		067346D8284CFD46001FAC8C /* ContentView.swift in Sources */ = {isa = PBXBuildFile; fileRef = 067346D7284CFD46001FAC8C /* ContentView.swift */; };
		067346DA284CFD46001FAC8C /* Assets.xcassets in Resources */ = {isa = PBXBuildFile; fileRef = 067346D9284CFD46001FAC8C /* Assets.xcassets */; };
		067346DD284CFD46001FAC8C /* Preview Assets.xcassets in Resources */ = {isa = PBXBuildFile; fileRef = 067346DC284CFD46001FAC8C /* Preview Assets.xcassets */; };
		067346E7284CFE0B001FAC8C /* product.json in Resources */ = {isa = PBXBuildFile; fileRef = 067346E3284CFE0B001FAC8C /* product.json */; };
		067346E8284CFE0B001FAC8C /* player.json in Resources */ = {isa = PBXBuildFile; fileRef = 067346E4284CFE0B001FAC8C /* player.json */; };
		067346E9284CFE0B001FAC8C /* category.json in Resources */ = {isa = PBXBuildFile; fileRef = 067346E5284CFE0B001FAC8C /* category.json */; };
		067346EA284CFE0B001FAC8C /* brand.json in Resources */ = {isa = PBXBuildFile; fileRef = 067346E6284CFE0B001FAC8C /* brand.json */; };
		067346F6284D09E9001FAC8C /* Constant.swift in Sources */ = {isa = PBXBuildFile; fileRef = 067346F5284D09E9001FAC8C /* Constant.swift */; };
		067346F8284D0AE2001FAC8C /* FooterView.swift in Sources */ = {isa = PBXBuildFile; fileRef = 067346F7284D0AE2001FAC8C /* FooterView.swift */; };
		067346FA284D0E61001FAC8C /* NavigationBarView.swift in Sources */ = {isa = PBXBuildFile; fileRef = 067346F9284D0E61001FAC8C /* NavigationBarView.swift */; };
		067346FC284D10D3001FAC8C /* LogoView.swift in Sources */ = {isa = PBXBuildFile; fileRef = 067346FB284D10D3001FAC8C /* LogoView.swift */; };
		067346FE284D2951001FAC8C /* PlayerModel.swift in Sources */ = {isa = PBXBuildFile; fileRef = 067346FD284D2951001FAC8C /* PlayerModel.swift */; };
		06734700284D29AB001FAC8C /* CodableBundleExtension.swift in Sources */ = {isa = PBXBuildFile; fileRef = 067346FF284D29AB001FAC8C /* CodableBundleExtension.swift */; };
		06734702284D2AEC001FAC8C /* FeaturedItemView.swift in Sources */ = {isa = PBXBuildFile; fileRef = 06734701284D2AEC001FAC8C /* FeaturedItemView.swift */; };
		06734704284D2CE3001FAC8C /* FeaturedTabView.swift in Sources */ = {isa = PBXBuildFile; fileRef = 06734703284D2CE3001FAC8C /* FeaturedTabView.swift */; };
		06734706284D3A14001FAC8C /* CategoryModel.swift in Sources */ = {isa = PBXBuildFile; fileRef = 06734705284D3A14001FAC8C /* CategoryModel.swift */; };
		06734708284D3B09001FAC8C /* CategoryItemView.swift in Sources */ = {isa = PBXBuildFile; fileRef = 06734707284D3B09001FAC8C /* CategoryItemView.swift */; };
		0673470A284D3D86001FAC8C /* CategoryGridView.swift in Sources */ = {isa = PBXBuildFile; fileRef = 06734709284D3D86001FAC8C /* CategoryGridView.swift */; };
		0673470C284D6494001FAC8C /* SectionView.swift in Sources */ = {isa = PBXBuildFile; fileRef = 0673470B284D6494001FAC8C /* SectionView.swift */; };
		0673470E284D8152001FAC8C /* TitleView.swift in Sources */ = {isa = PBXBuildFile; fileRef = 0673470D284D8152001FAC8C /* TitleView.swift */; };
		06734710284D8344001FAC8C /* ProductModel.swift in Sources */ = {isa = PBXBuildFile; fileRef = 0673470F284D8344001FAC8C /* ProductModel.swift */; };
		06734712284D839A001FAC8C /* ProductItemView.swift in Sources */ = {isa = PBXBuildFile; fileRef = 06734711284D839A001FAC8C /* ProductItemView.swift */; };
/* End PBXBuildFile section */

/* Begin PBXFileReference section */
		064CA8AE284D89E40038A876 /* BrandModel.swift */ = {isa = PBXFileReference; fileEncoding = 4; lastKnownFileType = sourcecode.swift; path = BrandModel.swift; sourceTree = "<group>"; };
		064CA8B0284D8A980038A876 /* BrandItemView.swift */ = {isa = PBXFileReference; lastKnownFileType = sourcecode.swift; path = BrandItemView.swift; sourceTree = "<group>"; };
		064CA8B2284D8B6F0038A876 /* BrandGridView.swift */ = {isa = PBXFileReference; lastKnownFileType = sourcecode.swift; path = BrandGridView.swift; sourceTree = "<group>"; };
		067346D2284CFD45001FAC8C /* Touchdown.app */ = {isa = PBXFileReference; explicitFileType = wrapper.application; includeInIndex = 0; path = Touchdown.app; sourceTree = BUILT_PRODUCTS_DIR; };
		067346D5284CFD46001FAC8C /* TouchdownApp.swift */ = {isa = PBXFileReference; lastKnownFileType = sourcecode.swift; path = TouchdownApp.swift; sourceTree = "<group>"; };
		067346D7284CFD46001FAC8C /* ContentView.swift */ = {isa = PBXFileReference; lastKnownFileType = sourcecode.swift; path = ContentView.swift; sourceTree = "<group>"; };
		067346D9284CFD46001FAC8C /* Assets.xcassets */ = {isa = PBXFileReference; lastKnownFileType = folder.assetcatalog; path = Assets.xcassets; sourceTree = "<group>"; };
		067346DC284CFD46001FAC8C /* Preview Assets.xcassets */ = {isa = PBXFileReference; lastKnownFileType = folder.assetcatalog; path = "Preview Assets.xcassets"; sourceTree = "<group>"; };
		067346E3284CFE0B001FAC8C /* product.json */ = {isa = PBXFileReference; fileEncoding = 4; lastKnownFileType = text.json; path = product.json; sourceTree = "<group>"; };
		067346E4284CFE0B001FAC8C /* player.json */ = {isa = PBXFileReference; fileEncoding = 4; lastKnownFileType = text.json; path = player.json; sourceTree = "<group>"; };
		067346E5284CFE0B001FAC8C /* category.json */ = {isa = PBXFileReference; fileEncoding = 4; lastKnownFileType = text.json; path = category.json; sourceTree = "<group>"; };
		067346E6284CFE0B001FAC8C /* brand.json */ = {isa = PBXFileReference; fileEncoding = 4; lastKnownFileType = text.json; path = brand.json; sourceTree = "<group>"; };
		067346EC284D01DA001FAC8C /* Info.plist */ = {isa = PBXFileReference; lastKnownFileType = text.plist; path = Info.plist; sourceTree = "<group>"; };
		067346F5284D09E9001FAC8C /* Constant.swift */ = {isa = PBXFileReference; lastKnownFileType = sourcecode.swift; path = Constant.swift; sourceTree = "<group>"; };
		067346F7284D0AE2001FAC8C /* FooterView.swift */ = {isa = PBXFileReference; lastKnownFileType = sourcecode.swift; path = FooterView.swift; sourceTree = "<group>"; };
		067346F9284D0E61001FAC8C /* NavigationBarView.swift */ = {isa = PBXFileReference; lastKnownFileType = sourcecode.swift; path = NavigationBarView.swift; sourceTree = "<group>"; };
		067346FB284D10D3001FAC8C /* LogoView.swift */ = {isa = PBXFileReference; lastKnownFileType = sourcecode.swift; path = LogoView.swift; sourceTree = "<group>"; };
		067346FD284D2951001FAC8C /* PlayerModel.swift */ = {isa = PBXFileReference; lastKnownFileType = sourcecode.swift; path = PlayerModel.swift; sourceTree = "<group>"; };
		067346FF284D29AB001FAC8C /* CodableBundleExtension.swift */ = {isa = PBXFileReference; lastKnownFileType = sourcecode.swift; path = CodableBundleExtension.swift; sourceTree = "<group>"; };
		06734701284D2AEC001FAC8C /* FeaturedItemView.swift */ = {isa = PBXFileReference; lastKnownFileType = sourcecode.swift; path = FeaturedItemView.swift; sourceTree = "<group>"; };
		06734703284D2CE3001FAC8C /* FeaturedTabView.swift */ = {isa = PBXFileReference; lastKnownFileType = sourcecode.swift; path = FeaturedTabView.swift; sourceTree = "<group>"; };
		06734705284D3A14001FAC8C /* CategoryModel.swift */ = {isa = PBXFileReference; lastKnownFileType = sourcecode.swift; path = CategoryModel.swift; sourceTree = "<group>"; };
		06734707284D3B09001FAC8C /* CategoryItemView.swift */ = {isa = PBXFileReference; lastKnownFileType = sourcecode.swift; path = CategoryItemView.swift; sourceTree = "<group>"; };
		06734709284D3D86001FAC8C /* CategoryGridView.swift */ = {isa = PBXFileReference; lastKnownFileType = sourcecode.swift; path = CategoryGridView.swift; sourceTree = "<group>"; };
		0673470B284D6494001FAC8C /* SectionView.swift */ = {isa = PBXFileReference; lastKnownFileType = sourcecode.swift; path = SectionView.swift; sourceTree = "<group>"; };
		0673470D284D8152001FAC8C /* TitleView.swift */ = {isa = PBXFileReference; lastKnownFileType = sourcecode.swift; path = TitleView.swift; sourceTree = "<group>"; };
		0673470F284D8344001FAC8C /* ProductModel.swift */ = {isa = PBXFileReference; lastKnownFileType = sourcecode.swift; path = ProductModel.swift; sourceTree = "<group>"; };
		06734711284D839A001FAC8C /* ProductItemView.swift */ = {isa = PBXFileReference; lastKnownFileType = sourcecode.swift; path = ProductItemView.swift; sourceTree = "<group>"; };
/* End PBXFileReference section */

/* Begin PBXFrameworksBuildPhase section */
		067346CF284CFD45001FAC8C /* Frameworks */ = {
			isa = PBXFrameworksBuildPhase;
			buildActionMask = 2147483647;
			files = (
			);
			runOnlyForDeploymentPostprocessing = 0;
		};
/* End PBXFrameworksBuildPhase section */

/* Begin PBXGroup section */
		067346C9284CFD45001FAC8C = {
			isa = PBXGroup;
			children = (
				067346D4284CFD45001FAC8C /* Touchdown */,
				067346D3284CFD45001FAC8C /* Products */,
			);
			sourceTree = "<group>";
		};
		067346D3284CFD45001FAC8C /* Products */ = {
			isa = PBXGroup;
			children = (
				067346D2284CFD45001FAC8C /* Touchdown.app */,
			);
			name = Products;
			sourceTree = "<group>";
		};
		067346D4284CFD45001FAC8C /* Touchdown */ = {
			isa = PBXGroup;
			children = (
				067346EE284D086F001FAC8C /* App */,
				067346EF284D08D2001FAC8C /* View */,
				067346EB284CFE20001FAC8C /* Data */,
				067346F2284D090E001FAC8C /* Model */,
				067346F3284D0917001FAC8C /* Extension */,
				067346F4284D0955001FAC8C /* Utility */,
				067346EC284D01DA001FAC8C /* Info.plist */,
				067346D9284CFD46001FAC8C /* Assets.xcassets */,
				067346DB284CFD46001FAC8C /* Preview Content */,
			);
			path = Touchdown;
			sourceTree = "<group>";
		};
		067346DB284CFD46001FAC8C /* Preview Content */ = {
			isa = PBXGroup;
			children = (
				067346DC284CFD46001FAC8C /* Preview Assets.xcassets */,
			);
			path = "Preview Content";
			sourceTree = "<group>";
		};
		067346EB284CFE20001FAC8C /* Data */ = {
			isa = PBXGroup;
			children = (
				067346E6284CFE0B001FAC8C /* brand.json */,
				067346E5284CFE0B001FAC8C /* category.json */,
				067346E4284CFE0B001FAC8C /* player.json */,
				067346E3284CFE0B001FAC8C /* product.json */,
			);
			path = Data;
			sourceTree = "<group>";
		};
		067346EE284D086F001FAC8C /* App */ = {
			isa = PBXGroup;
			children = (
				067346D5284CFD46001FAC8C /* TouchdownApp.swift */,
				067346D7284CFD46001FAC8C /* ContentView.swift */,
			);
			path = App;
			sourceTree = "<group>";
		};
		067346EF284D08D2001FAC8C /* View */ = {
			isa = PBXGroup;
			children = (
				067346F0284D08F5001FAC8C /* Home */,
				067346F1284D08FC001FAC8C /* Detail */,
			);
			path = View;
			sourceTree = "<group>";
		};
		067346F0284D08F5001FAC8C /* Home */ = {
			isa = PBXGroup;
			children = (
				067346F7284D0AE2001FAC8C /* FooterView.swift */,
				067346F9284D0E61001FAC8C /* NavigationBarView.swift */,
				067346FB284D10D3001FAC8C /* LogoView.swift */,
				06734701284D2AEC001FAC8C /* FeaturedItemView.swift */,
				06734703284D2CE3001FAC8C /* FeaturedTabView.swift */,
				06734707284D3B09001FAC8C /* CategoryItemView.swift */,
				06734709284D3D86001FAC8C /* CategoryGridView.swift */,
				0673470B284D6494001FAC8C /* SectionView.swift */,
				0673470D284D8152001FAC8C /* TitleView.swift */,
				06734711284D839A001FAC8C /* ProductItemView.swift */,
				064CA8B0284D8A980038A876 /* BrandItemView.swift */,
				064CA8B2284D8B6F0038A876 /* BrandGridView.swift */,
			);
			path = Home;
			sourceTree = "<group>";
		};
		067346F1284D08FC001FAC8C /* Detail */ = {
			isa = PBXGroup;
			children = (
			);
			path = Detail;
			sourceTree = "<group>";
		};
		067346F2284D090E001FAC8C /* Model */ = {
			isa = PBXGroup;
			children = (
				067346FD284D2951001FAC8C /* PlayerModel.swift */,
				064CA8AE284D89E40038A876 /* BrandModel.swift */,
				06734705284D3A14001FAC8C /* CategoryModel.swift */,
				0673470F284D8344001FAC8C /* ProductModel.swift */,
			);
			path = Model;
			sourceTree = "<group>";
		};
		067346F3284D0917001FAC8C /* Extension */ = {
			isa = PBXGroup;
			children = (
				067346FF284D29AB001FAC8C /* CodableBundleExtension.swift */,
			);
			path = Extension;
			sourceTree = "<group>";
		};
		067346F4284D0955001FAC8C /* Utility */ = {
			isa = PBXGroup;
			children = (
				067346F5284D09E9001FAC8C /* Constant.swift */,
			);
			path = Utility;
			sourceTree = "<group>";
		};
/* End PBXGroup section */

/* Begin PBXNativeTarget section */
		067346D1284CFD45001FAC8C /* Touchdown */ = {
			isa = PBXNativeTarget;
			buildConfigurationList = 067346E0284CFD46001FAC8C /* Build configuration list for PBXNativeTarget "Touchdown" */;
			buildPhases = (
				067346CE284CFD45001FAC8C /* Sources */,
				067346CF284CFD45001FAC8C /* Frameworks */,
				067346D0284CFD45001FAC8C /* Resources */,
			);
			buildRules = (
			);
			dependencies = (
			);
			name = Touchdown;
			productName = Touchdown;
			productReference = 067346D2284CFD45001FAC8C /* Touchdown.app */;
			productType = "com.apple.product-type.application";
		};
/* End PBXNativeTarget section */

/* Begin PBXProject section */
		067346CA284CFD45001FAC8C /* Project object */ = {
			isa = PBXProject;
			attributes = {
				BuildIndependentTargetsInParallel = 1;
				LastSwiftUpdateCheck = 1340;
				LastUpgradeCheck = 1340;
				TargetAttributes = {
					067346D1284CFD45001FAC8C = {
						CreatedOnToolsVersion = 13.4;
					};
				};
			};
			buildConfigurationList = 067346CD284CFD45001FAC8C /* Build configuration list for PBXProject "Touchdown" */;
			compatibilityVersion = "Xcode 13.0";
			developmentRegion = en;
			hasScannedForEncodings = 0;
			knownRegions = (
				en,
				Base,
			);
			mainGroup = 067346C9284CFD45001FAC8C;
			productRefGroup = 067346D3284CFD45001FAC8C /* Products */;
			projectDirPath = "";
			projectRoot = "";
			targets = (
				067346D1284CFD45001FAC8C /* Touchdown */,
			);
		};
/* End PBXProject section */

/* Begin PBXResourcesBuildPhase section */
		067346D0284CFD45001FAC8C /* Resources */ = {
			isa = PBXResourcesBuildPhase;
			buildActionMask = 2147483647;
			files = (
				067346E8284CFE0B001FAC8C /* player.json in Resources */,
				067346DD284CFD46001FAC8C /* Preview Assets.xcassets in Resources */,
				067346E9284CFE0B001FAC8C /* category.json in Resources */,
				067346DA284CFD46001FAC8C /* Assets.xcassets in Resources */,
				067346E7284CFE0B001FAC8C /* product.json in Resources */,
				067346EA284CFE0B001FAC8C /* brand.json in Resources */,
			);
			runOnlyForDeploymentPostprocessing = 0;
		};
/* End PBXResourcesBuildPhase section */

/* Begin PBXSourcesBuildPhase section */
		067346CE284CFD45001FAC8C /* Sources */ = {
			isa = PBXSourcesBuildPhase;
			buildActionMask = 2147483647;
			files = (
				06734700284D29AB001FAC8C /* CodableBundleExtension.swift in Sources */,
				067346D8284CFD46001FAC8C /* ContentView.swift in Sources */,
				067346FC284D10D3001FAC8C /* LogoView.swift in Sources */,
				067346F8284D0AE2001FAC8C /* FooterView.swift in Sources */,
				06734702284D2AEC001FAC8C /* FeaturedItemView.swift in Sources */,
				06734712284D839A001FAC8C /* ProductItemView.swift in Sources */,
				064CA8B3284D8B6F0038A876 /* BrandGridView.swift in Sources */,
				067346D6284CFD46001FAC8C /* TouchdownApp.swift in Sources */,
				067346F6284D09E9001FAC8C /* Constant.swift in Sources */,
				0673470A284D3D86001FAC8C /* CategoryGridView.swift in Sources */,
				06734706284D3A14001FAC8C /* CategoryModel.swift in Sources */,
				067346FA284D0E61001FAC8C /* NavigationBarView.swift in Sources */,
				0673470C284D6494001FAC8C /* SectionView.swift in Sources */,
				064CA8B1284D8A980038A876 /* BrandItemView.swift in Sources */,
				06734708284D3B09001FAC8C /* CategoryItemView.swift in Sources */,
				06734704284D2CE3001FAC8C /* FeaturedTabView.swift in Sources */,
				067346FE284D2951001FAC8C /* PlayerModel.swift in Sources */,
				064CA8AF284D89E40038A876 /* BrandModel.swift in Sources */,
				0673470E284D8152001FAC8C /* TitleView.swift in Sources */,
				06734710284D8344001FAC8C /* ProductModel.swift in Sources */,
			);
			runOnlyForDeploymentPostprocessing = 0;
		};
/* End PBXSourcesBuildPhase section */

/* Begin XCBuildConfiguration section */
		067346DE284CFD46001FAC8C /* Debug */ = {
			isa = XCBuildConfiguration;
			buildSettings = {
				ALWAYS_SEARCH_USER_PATHS = NO;
				CLANG_ANALYZER_NONNULL = YES;
				CLANG_ANALYZER_NUMBER_OBJECT_CONVERSION = YES_AGGRESSIVE;
				CLANG_CXX_LANGUAGE_STANDARD = "gnu++17";
				CLANG_ENABLE_MODULES = YES;
				CLANG_ENABLE_OBJC_ARC = YES;
				CLANG_ENABLE_OBJC_WEAK = YES;
				CLANG_WARN_BLOCK_CAPTURE_AUTORELEASING = YES;
				CLANG_WARN_BOOL_CONVERSION = YES;
				CLANG_WARN_COMMA = YES;
				CLANG_WARN_CONSTANT_CONVERSION = YES;
				CLANG_WARN_DEPRECATED_OBJC_IMPLEMENTATIONS = YES;
				CLANG_WARN_DIRECT_OBJC_ISA_USAGE = YES_ERROR;
				CLANG_WARN_DOCUMENTATION_COMMENTS = YES;
				CLANG_WARN_EMPTY_BODY = YES;
				CLANG_WARN_ENUM_CONVERSION = YES;
				CLANG_WARN_INFINITE_RECURSION = YES;
				CLANG_WARN_INT_CONVERSION = YES;
				CLANG_WARN_NON_LITERAL_NULL_CONVERSION = YES;
				CLANG_WARN_OBJC_IMPLICIT_RETAIN_SELF = YES;
				CLANG_WARN_OBJC_LITERAL_CONVERSION = YES;
				CLANG_WARN_OBJC_ROOT_CLASS = YES_ERROR;
				CLANG_WARN_QUOTED_INCLUDE_IN_FRAMEWORK_HEADER = YES;
				CLANG_WARN_RANGE_LOOP_ANALYSIS = YES;
				CLANG_WARN_STRICT_PROTOTYPES = YES;
				CLANG_WARN_SUSPICIOUS_MOVE = YES;
				CLANG_WARN_UNGUARDED_AVAILABILITY = YES_AGGRESSIVE;
				CLANG_WARN_UNREACHABLE_CODE = YES;
				CLANG_WARN__DUPLICATE_METHOD_MATCH = YES;
				COPY_PHASE_STRIP = NO;
				DEBUG_INFORMATION_FORMAT = dwarf;
				ENABLE_STRICT_OBJC_MSGSEND = YES;
				ENABLE_TESTABILITY = YES;
				GCC_C_LANGUAGE_STANDARD = gnu11;
				GCC_DYNAMIC_NO_PIC = NO;
				GCC_NO_COMMON_BLOCKS = YES;
				GCC_OPTIMIZATION_LEVEL = 0;
				GCC_PREPROCESSOR_DEFINITIONS = (
					"DEBUG=1",
					"$(inherited)",
				);
				GCC_WARN_64_TO_32_BIT_CONVERSION = YES;
				GCC_WARN_ABOUT_RETURN_TYPE = YES_ERROR;
				GCC_WARN_UNDECLARED_SELECTOR = YES;
				GCC_WARN_UNINITIALIZED_AUTOS = YES_AGGRESSIVE;
				GCC_WARN_UNUSED_FUNCTION = YES;
				GCC_WARN_UNUSED_VARIABLE = YES;
				IPHONEOS_DEPLOYMENT_TARGET = 15.5;
				MTL_ENABLE_DEBUG_INFO = INCLUDE_SOURCE;
				MTL_FAST_MATH = YES;
				ONLY_ACTIVE_ARCH = YES;
				SDKROOT = iphoneos;
				SWIFT_ACTIVE_COMPILATION_CONDITIONS = DEBUG;
				SWIFT_OPTIMIZATION_LEVEL = "-Onone";
			};
			name = Debug;
		};
		067346DF284CFD46001FAC8C /* Release */ = {
			isa = XCBuildConfiguration;
			buildSettings = {
				ALWAYS_SEARCH_USER_PATHS = NO;
				CLANG_ANALYZER_NONNULL = YES;
				CLANG_ANALYZER_NUMBER_OBJECT_CONVERSION = YES_AGGRESSIVE;
				CLANG_CXX_LANGUAGE_STANDARD = "gnu++17";
				CLANG_ENABLE_MODULES = YES;
				CLANG_ENABLE_OBJC_ARC = YES;
				CLANG_ENABLE_OBJC_WEAK = YES;
				CLANG_WARN_BLOCK_CAPTURE_AUTORELEASING = YES;
				CLANG_WARN_BOOL_CONVERSION = YES;
				CLANG_WARN_COMMA = YES;
				CLANG_WARN_CONSTANT_CONVERSION = YES;
				CLANG_WARN_DEPRECATED_OBJC_IMPLEMENTATIONS = YES;
				CLANG_WARN_DIRECT_OBJC_ISA_USAGE = YES_ERROR;
				CLANG_WARN_DOCUMENTATION_COMMENTS = YES;
				CLANG_WARN_EMPTY_BODY = YES;
				CLANG_WARN_ENUM_CONVERSION = YES;
				CLANG_WARN_INFINITE_RECURSION = YES;
				CLANG_WARN_INT_CONVERSION = YES;
				CLANG_WARN_NON_LITERAL_NULL_CONVERSION = YES;
				CLANG_WARN_OBJC_IMPLICIT_RETAIN_SELF = YES;
				CLANG_WARN_OBJC_LITERAL_CONVERSION = YES;
				CLANG_WARN_OBJC_ROOT_CLASS = YES_ERROR;
				CLANG_WARN_QUOTED_INCLUDE_IN_FRAMEWORK_HEADER = YES;
				CLANG_WARN_RANGE_LOOP_ANALYSIS = YES;
				CLANG_WARN_STRICT_PROTOTYPES = YES;
				CLANG_WARN_SUSPICIOUS_MOVE = YES;
				CLANG_WARN_UNGUARDED_AVAILABILITY = YES_AGGRESSIVE;
				CLANG_WARN_UNREACHABLE_CODE = YES;
				CLANG_WARN__DUPLICATE_METHOD_MATCH = YES;
				COPY_PHASE_STRIP = NO;
				DEBUG_INFORMATION_FORMAT = "dwarf-with-dsym";
				ENABLE_NS_ASSERTIONS = NO;
				ENABLE_STRICT_OBJC_MSGSEND = YES;
				GCC_C_LANGUAGE_STANDARD = gnu11;
				GCC_NO_COMMON_BLOCKS = YES;
				GCC_WARN_64_TO_32_BIT_CONVERSION = YES;
				GCC_WARN_ABOUT_RETURN_TYPE = YES_ERROR;
				GCC_WARN_UNDECLARED_SELECTOR = YES;
				GCC_WARN_UNINITIALIZED_AUTOS = YES_AGGRESSIVE;
				GCC_WARN_UNUSED_FUNCTION = YES;
				GCC_WARN_UNUSED_VARIABLE = YES;
				IPHONEOS_DEPLOYMENT_TARGET = 15.5;
				MTL_ENABLE_DEBUG_INFO = NO;
				MTL_FAST_MATH = YES;
				SDKROOT = iphoneos;
				SWIFT_COMPILATION_MODE = wholemodule;
				SWIFT_OPTIMIZATION_LEVEL = "-O";
				VALIDATE_PRODUCT = YES;
			};
			name = Release;
		};
		067346E1284CFD46001FAC8C /* Debug */ = {
			isa = XCBuildConfiguration;
			buildSettings = {
				ASSETCATALOG_COMPILER_APPICON_NAME = AppIcon;
				ASSETCATALOG_COMPILER_GLOBAL_ACCENT_COLOR_NAME = AccentColor;
				CODE_SIGN_STYLE = Automatic;
				CURRENT_PROJECT_VERSION = 1;
				DEVELOPMENT_ASSET_PATHS = "\"Touchdown/Preview Content\"";
				DEVELOPMENT_TEAM = UPC72C27EN;
				ENABLE_PREVIEWS = YES;
				GENERATE_INFOPLIST_FILE = YES;
				INFOPLIST_FILE = Touchdown/Info.plist;
				INFOPLIST_KEY_UIApplicationSceneManifest_Generation = YES;
				INFOPLIST_KEY_UIApplicationSupportsIndirectInputEvents = YES;
				INFOPLIST_KEY_UISupportedInterfaceOrientations = UIInterfaceOrientationPortrait;
				INFOPLIST_KEY_UISupportedInterfaceOrientations_iPad = "UIInterfaceOrientationPortrait UIInterfaceOrientationPortraitUpsideDown UIInterfaceOrientationLandscapeLeft UIInterfaceOrientationLandscapeRight";
				INFOPLIST_KEY_UISupportedInterfaceOrientations_iPhone = "UIInterfaceOrientationPortrait UIInterfaceOrientationLandscapeLeft UIInterfaceOrientationLandscapeRight";
				INFOPLIST_KEY_UIUserInterfaceStyle = Light;
				IPHONEOS_DEPLOYMENT_TARGET = 15.0;
				LD_RUNPATH_SEARCH_PATHS = (
					"$(inherited)",
					"@executable_path/Frameworks",
				);
				MARKETING_VERSION = 1.0;
				PRODUCT_BUNDLE_IDENTIFIER = com.sebas.Touchdown;
				PRODUCT_NAME = "$(TARGET_NAME)";
				SWIFT_EMIT_LOC_STRINGS = YES;
				SWIFT_VERSION = 5.0;
				TARGETED_DEVICE_FAMILY = "1,2";
			};
			name = Debug;
		};
		067346E2284CFD46001FAC8C /* Release */ = {
			isa = XCBuildConfiguration;
			buildSettings = {
				ASSETCATALOG_COMPILER_APPICON_NAME = AppIcon;
				ASSETCATALOG_COMPILER_GLOBAL_ACCENT_COLOR_NAME = AccentColor;
				CODE_SIGN_STYLE = Automatic;
				CURRENT_PROJECT_VERSION = 1;
				DEVELOPMENT_ASSET_PATHS = "\"Touchdown/Preview Content\"";
				DEVELOPMENT_TEAM = UPC72C27EN;
				ENABLE_PREVIEWS = YES;
				GENERATE_INFOPLIST_FILE = YES;
				INFOPLIST_FILE = Touchdown/Info.plist;
				INFOPLIST_KEY_UIApplicationSceneManifest_Generation = YES;
				INFOPLIST_KEY_UIApplicationSupportsIndirectInputEvents = YES;
				INFOPLIST_KEY_UISupportedInterfaceOrientations = UIInterfaceOrientationPortrait;
				INFOPLIST_KEY_UISupportedInterfaceOrientations_iPad = "UIInterfaceOrientationPortrait UIInterfaceOrientationPortraitUpsideDown UIInterfaceOrientationLandscapeLeft UIInterfaceOrientationLandscapeRight";
				INFOPLIST_KEY_UISupportedInterfaceOrientations_iPhone = "UIInterfaceOrientationPortrait UIInterfaceOrientationLandscapeLeft UIInterfaceOrientationLandscapeRight";
				INFOPLIST_KEY_UIUserInterfaceStyle = Light;
				IPHONEOS_DEPLOYMENT_TARGET = 15.0;
				LD_RUNPATH_SEARCH_PATHS = (
					"$(inherited)",
					"@executable_path/Frameworks",
				);
				MARKETING_VERSION = 1.0;
				PRODUCT_BUNDLE_IDENTIFIER = com.sebas.Touchdown;
				PRODUCT_NAME = "$(TARGET_NAME)";
				SWIFT_EMIT_LOC_STRINGS = YES;
				SWIFT_VERSION = 5.0;
				TARGETED_DEVICE_FAMILY = "1,2";
			};
			name = Release;
		};
/* End XCBuildConfiguration section */

/* Begin XCConfigurationList section */
		067346CD284CFD45001FAC8C /* Build configuration list for PBXProject "Touchdown" */ = {
			isa = XCConfigurationList;
			buildConfigurations = (
				067346DE284CFD46001FAC8C /* Debug */,
				067346DF284CFD46001FAC8C /* Release */,
			);
			defaultConfigurationIsVisible = 0;
			defaultConfigurationName = Release;
		};
		067346E0284CFD46001FAC8C /* Build configuration list for PBXNativeTarget "Touchdown" */ = {
			isa = XCConfigurationList;
			buildConfigurations = (
				067346E1284CFD46001FAC8C /* Debug */,
				067346E2284CFD46001FAC8C /* Release */,
			);
			defaultConfigurationIsVisible = 0;
			defaultConfigurationName = Release;
		};
/* End XCConfigurationList section */
	};
	rootObject = 067346CA284CFD45001FAC8C /* Project object */;
}
